
Microsoft Visual Studio Solution File, Format Version 12.00
# Visual Studio Version 17
VisualStudioVersion = 17.14.37314.3 d17.14
MinimumVisualStudioVersion = 10.0.40219.1
Project("{FAE04EC0-301F-11D3-BF4B-00C04F79EFBC}") = "MVC", "MVC\MVC.csproj", "{3109EEDD-9E98-4F2B-AB00-DE1545B4D2B2}"
EndProject
Project("{FAE04EC0-301F-11D3-BF4B-00C04F79EFBC}") = "ContosoUniversity", "ContosoUniversity\ContosoUniversity.csproj", "{02DC1FD4-1FDD-47E9-91AF-C9D972202B58}"
EndProject
Global
	GlobalSection(SolutionConfigurationPlatforms) = preSolution
		Debug|Any CPU = Debug|Any CPU
		Release|Any CPU = Release|Any CPU
	EndGlobalSection
	GlobalSection(ProjectConfigurationPlatforms) = postSolution
		{3109EEDD-9E98-4F2B-AB00-DE1545B4D2B2}.Debug|Any CPU.ActiveCfg = Debug|Any CPU
		{3109EEDD-9E98-4F2B-AB00-DE1545B4D2B2}.Debug|Any CPU.Build.0 = Debug|Any CPU
		{3109EEDD-9E98-4F2B-AB00-DE1545B4D2B2}.Release|Any CPU.ActiveCfg = Release|Any CPU
		{3109EEDD-9E98-4F2B-AB00-DE1545B4D2B2}.Release|Any CPU.Build.0 = Release|Any CPU
		{02DC1FD4-1FDD-47E9-91AF-C9D972202B58}.Debug|Any CPU.ActiveCfg = Debug|Any CPU
		{02DC1FD4-1FDD-47E9-91AF-C9D972202B58}.Debug|Any CPU.Build.0 = Debug|Any CPU
		{02DC1FD4-1FDD-47E9-91AF-C9D972202B58}.Release|Any CPU.ActiveCfg = Release|Any CPU
		{02DC1FD4-1FDD-47E9-91AF-C9D972202B58}.Release|Any CPU.Build.0 = Release|Any CPU
	EndGlobalSection
	GlobalSection(SolutionProperties) = preSolution
		HideSolutionNode = FALSE
	EndGlobalSection
	GlobalSection(ExtensibilityGlobals) = postSolution
		SolutionGuid = {A9EA2293-AB5C-42C8-9A53-A882861FF9E1}
	EndGlobalSection
EndGlobal
